
Microsoft Visual Studio Solution File, Format Version 12.00
# Visual Studio Version 17
VisualStudioVersion = 17.2.32616.157
MinimumVisualStudioVersion = 10.0.40219.1
Project("{FAE04EC0-301F-11D3-BF4B-00C04F79EFBC}") = "FilesAPI", "FilesAPI\FilesAPI.csproj", "{5AFF051F-4D61-4E1E-9C85-B73A349D228F}"
EndProject
Global
	GlobalSection(SolutionConfigurationPlatforms) = preSolution
		Debug|Any CPU = Debug|Any CPU
		Release|Any CPU = Release|Any CPU
	EndGlobalSection
	GlobalSection(ProjectConfigurationPlatforms) = postSolution
		{5AFF051F-4D61-4E1E-9C85-B73A349D228F}.Debug|Any CPU.ActiveCfg = Debug|Any CPU
		{5AFF051F-4D61-4E1E-9C85-B73A349D228F}.Debug|Any CPU.Build.0 = Debug|Any CPU
		{5AFF051F-4D61-4E1E-9C85-B73A349D228F}.Release|Any CPU.ActiveCfg = Release|Any CPU
		{5AFF051F-4D61-4E1E-9C85-B73A349D228F}.Release|Any CPU.Build.0 = Release|Any CPU
	EndGlobalSection
	GlobalSection(SolutionProperties) = preSolution
		HideSolutionNode = FALSE
	EndGlobalSection
	GlobalSection(ExtensibilityGlobals) = postSolution
		SolutionGuid = {5780E5B9-4DCB-44E6-A069-C08AE049AE08}
	EndGlobalSection
EndGlobal
